
Microsoft Visual Studio Solution File, Format Version 12.00
# Visual Studio Version 17
VisualStudioVersion = 17.3.32929.385
MinimumVisualStudioVersion = 10.0.40219.1
Project("{9A19103F-16F7-4668-BE54-9A1E7A4F7556}") = "Upd8.API", "Upd8.API\Upd8.API.csproj", "{679B5330-1CEA-441C-AA72-7E0AFA5C997F}"
EndProject
Project("{2150E333-8FDC-42A3-9474-1A3956D46DE8}") = "Application", "Application", "{9D79F3F4-9936-4873-B489-FA9BE7CB3D73}"
EndProject
Project("{2150E333-8FDC-42A3-9474-1A3956D46DE8}") = "Domain", "Domain", "{590854CE-4A64-4E14-8254-292DE8375AAA}"
EndProject
Project("{2150E333-8FDC-42A3-9474-1A3956D46DE8}") = "Infrastructure", "Infrastructure", "{7CE41380-7980-43B4-BA35-D6B75D0FE06F}"
EndProject
Project("{9A19103F-16F7-4668-BE54-9A1E7A4F7556}") = "Upd8.Domain", "Upd8.Domain\Upd8.Domain.csproj", "{6D26EFEC-D4CF-4C6E-BA06-D22DF5DFAE05}"
EndProject
Project("{9A19103F-16F7-4668-BE54-9A1E7A4F7556}") = "Upd8.Domain.Core", "Upd8.Domain.Core\Upd8.Domain.Core.csproj", "{E8AE6567-BB59-444D-9E9E-0031EF8E45B9}"
EndProject
Project("{9A19103F-16F7-4668-BE54-9A1E7A4F7556}") = "Upd8.Data", "Upd8.Data\Upd8.Data.csproj", "{ED4609B1-59F3-40CF-B5C8-05F3B87BB111}"
EndProject
Project("{9A19103F-16F7-4668-BE54-9A1E7A4F7556}") = "Upd8.Repositories", "Upd8.Repositories\Upd8.Repositories.csproj", "{8536821C-5438-4E57-B10F-C460C4B3F83E}"
EndProject
Project("{9A19103F-16F7-4668-BE54-9A1E7A4F7556}") = "Upd8.Domain.Services", "Upd8.Domain.Services\Upd8.Domain.Services.csproj", "{0162CDF4-7988-463F-A5CF-8B480CC41FC6}"
EndProject
Project("{FAE04EC0-301F-11D3-BF4B-00C04F79EFBC}") = "Upd8.Web", "Upd8.Web\Upd8.Web.csproj", "{BB0E8602-3AF4-4F94-83E6-B5258139EC21}"
EndProject
Global
	GlobalSection(SolutionConfigurationPlatforms) = preSolution
		Debug|Any CPU = Debug|Any CPU
		Release|Any CPU = Release|Any CPU
	EndGlobalSection
	GlobalSection(ProjectConfigurationPlatforms) = postSolution
		{679B5330-1CEA-441C-AA72-7E0AFA5C997F}.Debug|Any CPU.ActiveCfg = Debug|Any CPU
		{679B5330-1CEA-441C-AA72-7E0AFA5C997F}.Debug|Any CPU.Build.0 = Debug|Any CPU
		{679B5330-1CEA-441C-AA72-7E0AFA5C997F}.Release|Any CPU.ActiveCfg = Release|Any CPU
		{679B5330-1CEA-441C-AA72-7E0AFA5C997F}.Release|Any CPU.Build.0 = Release|Any CPU
		{6D26EFEC-D4CF-4C6E-BA06-D22DF5DFAE05}.Debug|Any CPU.ActiveCfg = Debug|Any CPU
		{6D26EFEC-D4CF-4C6E-BA06-D22DF5DFAE05}.Debug|Any CPU.Build.0 = Debug|Any CPU
		{6D26EFEC-D4CF-4C6E-BA06-D22DF5DFAE05}.Release|Any CPU.ActiveCfg = Release|Any CPU
		{6D26EFEC-D4CF-4C6E-BA06-D22DF5DFAE05}.Release|Any CPU.Build.0 = Release|Any CPU
		{E8AE6567-BB59-444D-9E9E-0031EF8E45B9}.Debug|Any CPU.ActiveCfg = Debug|Any CPU
		{E8AE6567-BB59-444D-9E9E-0031EF8E45B9}.Debug|Any CPU.Build.0 = Debug|Any CPU
		{E8AE6567-BB59-444D-9E9E-0031EF8E45B9}.Release|Any CPU.ActiveCfg = Release|Any CPU
		{E8AE6567-BB59-444D-9E9E-0031EF8E45B9}.Release|Any CPU.Build.0 = Release|Any CPU
		{ED4609B1-59F3-40CF-B5C8-05F3B87BB111}.Debug|Any CPU.ActiveCfg = Debug|Any CPU
		{ED4609B1-59F3-40CF-B5C8-05F3B87BB111}.Debug|Any CPU.Build.0 = Debug|Any CPU
		{ED4609B1-59F3-40CF-B5C8-05F3B87BB111}.Release|Any CPU.ActiveCfg = Release|Any CPU
		{ED4609B1-59F3-40CF-B5C8-05F3B87BB111}.Release|Any CPU.Build.0 = Release|Any CPU
		{8536821C-5438-4E57-B10F-C460C4B3F83E}.Debug|Any CPU.ActiveCfg = Debug|Any CPU
		{8536821C-5438-4E57-B10F-C460C4B3F83E}.Debug|Any CPU.Build.0 = Debug|Any CPU
		{8536821C-5438-4E57-B10F-C460C4B3F83E}.Release|Any CPU.ActiveCfg = Release|Any CPU
		{8536821C-5438-4E57-B10F-C460C4B3F83E}.Release|Any CPU.Build.0 = Release|Any CPU
		{0162CDF4-7988-463F-A5CF-8B480CC41FC6}.Debug|Any CPU.ActiveCfg = Debug|Any CPU
		{0162CDF4-7988-463F-A5CF-8B480CC41FC6}.Debug|Any CPU.Build.0 = Debug|Any CPU
		{0162CDF4-7988-463F-A5CF-8B480CC41FC6}.Release|Any CPU.ActiveCfg = Release|Any CPU
		{0162CDF4-7988-463F-A5CF-8B480CC41FC6}.Release|Any CPU.Build.0 = Release|Any CPU
		{BB0E8602-3AF4-4F94-83E6-B5258139EC21}.Debug|Any CPU.ActiveCfg = Debug|Any CPU
		{BB0E8602-3AF4-4F94-83E6-B5258139EC21}.Debug|Any CPU.Build.0 = Debug|Any CPU
		{BB0E8602-3AF4-4F94-83E6-B5258139EC21}.Release|Any CPU.ActiveCfg = Release|Any CPU
		{BB0E8602-3AF4-4F94-83E6-B5258139EC21}.Release|Any CPU.Build.0 = Release|Any CPU
	EndGlobalSection
	GlobalSection(SolutionProperties) = preSolution
		HideSolutionNode = FALSE
	EndGlobalSection
	GlobalSection(NestedProjects) = preSolution
		{679B5330-1CEA-441C-AA72-7E0AFA5C997F} = {9D79F3F4-9936-4873-B489-FA9BE7CB3D73}
		{6D26EFEC-D4CF-4C6E-BA06-D22DF5DFAE05} = {590854CE-4A64-4E14-8254-292DE8375AAA}
		{E8AE6567-BB59-444D-9E9E-0031EF8E45B9} = {590854CE-4A64-4E14-8254-292DE8375AAA}
		{ED4609B1-59F3-40CF-B5C8-05F3B87BB111} = {7CE41380-7980-43B4-BA35-D6B75D0FE06F}
		{8536821C-5438-4E57-B10F-C460C4B3F83E} = {7CE41380-7980-43B4-BA35-D6B75D0FE06F}
		{0162CDF4-7988-463F-A5CF-8B480CC41FC6} = {590854CE-4A64-4E14-8254-292DE8375AAA}
		{BB0E8602-3AF4-4F94-83E6-B5258139EC21} = {9D79F3F4-9936-4873-B489-FA9BE7CB3D73}
	EndGlobalSection
	GlobalSection(ExtensibilityGlobals) = postSolution
		SolutionGuid = {AD2C02F3-D7A6-48EC-AF8B-3876E7E931C1}
	EndGlobalSection
EndGlobal
